
Microsoft Visual Studio Solution File, Format Version 12.00
# Visual Studio Version 16
VisualStudioVersion = 16.0.30804.86
MinimumVisualStudioVersion = 10.0.40219.1
Project("{FAE04EC0-301F-11D3-BF4B-00C04F79EFBC}") = "catalogv6", "catalogv6.csproj", "{960ACE45-2715-4ED0-9A13-948D4B29002A}"
EndProject
Global
	GlobalSection(SolutionConfigurationPlatforms) = preSolution
		Debug|Any CPU = Debug|Any CPU
		Release|Any CPU = Release|Any CPU
	EndGlobalSection
	GlobalSection(ProjectConfigurationPlatforms) = postSolution
		{960ACE45-2715-4ED0-9A13-948D4B29002A}.Debug|Any CPU.ActiveCfg = Debug|Any CPU
		{960ACE45-2715-4ED0-9A13-948D4B29002A}.Debug|Any CPU.Build.0 = Debug|Any CPU
		{960ACE45-2715-4ED0-9A13-948D4B29002A}.Release|Any CPU.ActiveCfg = Release|Any CPU
		{960ACE45-2715-4ED0-9A13-948D4B29002A}.Release|Any CPU.Build.0 = Release|Any CPU
	EndGlobalSection
	GlobalSection(SolutionProperties) = preSolution
		HideSolutionNode = FALSE
	EndGlobalSection
	GlobalSection(ExtensibilityGlobals) = postSolution
		SolutionGuid = {17CD167C-56AF-489B-835F-3129CF59B513}
	EndGlobalSection
EndGlobal
